uuid: e96bcf76-6993-4e0b-8652-504fc79be79c
langcode: en
status: true
dependencies:
  config:
    - views.view.who_s_online
  module:
    - views
  theme:
    - olivero
id: olivero_views_block__who_s_online_who_s_online_block
theme: olivero
region: sidebar
weight: 0
provider: null
plugin: 'views_block:who_s_online-who_s_online_block'
settings:
  id: 'views_block:who_s_online-who_s_online_block'
  label: ''
  label_display: visible
  provider: views
  views_label: ''
  items_per_page: none
visibility: {  }
